{
  "nodes": {
    "fromYaml": {
      "flake": false,
      "locked": {
        "lastModified": 1737947634,
        "narHash": "sha256-K8U6l/4rowo5KzhqD6Tj+pyIf0ETzSZO5WzYfKfeUfM=",
        "owner": "Limvot",
        "repo": "fromYaml",
        "rev": "f337431740a22b683da0f5a163db54e86ba7c956",
        "type": "github"
      },
      "original": {
        "owner": "Limvot",
        "repo": "fromYaml",
        "type": "github"
      }
    },
    "root": {
      "inputs": {
        "fromYaml": "fromYaml"
      }
    }
  },
  "root": "root",
  "version": 7
}
