{
  "nodes": {
    "fromYaml": {
      "flake": false,
      "locked": {
        "lastModified": 1737947037,
        "narHash": "sha256-b+aAVrpgh4owFmvqDH/oJccIC1UxXQPtrHG7PMLKgvc=",
        "owner": "Limvot",
        "repo": "fromYaml",
        "rev": "4ede4c4e356a271f9e8c7f2e5349d9ab02b02bfd",
        "type": "github"
      },
      "original": {
        "owner": "Limvot",
        "repo": "fromYaml",
        "type": "github"
      }
    },
    "root": {
      "inputs": {
        "fromYaml": "fromYaml"
      }
    }
  },
  "root": "root",
  "version": 7
}
