{
  "nodes": {
    "fromYaml": {
      "flake": false,
      "locked": {
        "lastModified": 1737944402,
        "narHash": "sha256-s9lxeU/+jb9ltam44cOAp4p+GHxE7ul3tSDz/b2fWw4=",
        "owner": "Limvot",
        "repo": "fromYaml",
        "rev": "0a82d82dff54d09eeaf5a043a5e3f7b86d6648e4",
        "type": "github"
      },
      "original": {
        "owner": "Limvot",
        "repo": "fromYaml",
        "type": "github"
      }
    },
    "root": {
      "inputs": {
        "fromYaml": "fromYaml"
      }
    }
  },
  "root": "root",
  "version": 7
}
